
Microsoft Visual Studio Solution File, Format Version 12.00
# Visual Studio Version 17
VisualStudioVersion = 17.13.35828.75 d17.13
MinimumVisualStudioVersion = 10.0.40219.1
Project("{FAE04EC0-301F-11D3-BF4B-00C04F79EFBC}") = "CodePulse.API", "CodePulse.API\CodePulse.API.csproj", "{108B152A-1936-4F9A-8097-AAF78CF578B5}"
EndProject
Global
	GlobalSection(SolutionConfigurationPlatforms) = preSolution
		Debug|Any CPU = Debug|Any CPU
		Release|Any CPU = Release|Any CPU
	EndGlobalSection
	GlobalSection(ProjectConfigurationPlatforms) = postSolution
		{108B152A-1936-4F9A-8097-AAF78CF578B5}.Debug|Any CPU.ActiveCfg = Debug|Any CPU
		{108B152A-1936-4F9A-8097-AAF78CF578B5}.Debug|Any CPU.Build.0 = Debug|Any CPU
		{108B152A-1936-4F9A-8097-AAF78CF578B5}.Release|Any CPU.ActiveCfg = Release|Any CPU
		{108B152A-1936-4F9A-8097-AAF78CF578B5}.Release|Any CPU.Build.0 = Release|Any CPU
	EndGlobalSection
	GlobalSection(SolutionProperties) = preSolution
		HideSolutionNode = FALSE
	EndGlobalSection
	GlobalSection(ExtensibilityGlobals) = postSolution
		SolutionGuid = {FA255657-B199-4F1D-AC57-08BB7435F91A}
	EndGlobalSection
EndGlobal
